Microsoft Visual Studio Solution File, Format Version 12.00
# Visual Studio Version 17
VisualStudioVersion = 17.0.31903.59
MinimumVisualStudioVersion = 10.0.40219.1
Project("{9A19103F-16F7-4668-BE54-9A1E7A4F7556}") = "InvoiceApp.Core", "Core\InvoiceApp.Core.csproj", "{bdf1e88c-d5f7-41d3-89c1-c25ce5cfd2e0}"
EndProject
Project("{9A19103F-16F7-4668-BE54-9A1E7A4F7556}") = "InvoiceApp.Infrastructure", "Infrastructure\InvoiceApp.Infrastructure.csproj", "{fcbabbf4-4cc7-44fa-ad3e-f1b5bf7b5422}"
EndProject
Project("{9A19103F-16F7-4668-BE54-9A1E7A4F7556}") = "InvoiceApp.Application", "Application\InvoiceApp.Application.csproj", "{e49bde93-adfa-4662-9438-9c9824a0ce29}"
EndProject
Project("{9A19103F-16F7-4668-BE54-9A1E7A4F7556}") = "InvoiceApp.WPF", "WPF\InvoiceApp.WPF.csproj", "{b0e0a69a-46fe-46f0-b7e3-d5e47d4cf9e8}"
EndProject
Global
	GlobalSection(SolutionConfigurationPlatforms) = preSolution
		Debug|Any CPU = Debug|Any CPU
		Release|Any CPU = Release|Any CPU
	EndGlobalSection
	GlobalSection(ProjectConfigurationPlatforms) = postSolution
	EndGlobalSection
	GlobalSection(SolutionProperties) = preSolution
		HideSolutionNode = FALSE
	EndGlobalSection
EndGlobal
